
Microsoft Visual Studio Solution File, Format Version 12.00
# Visual Studio 15
VisualStudioVersion = 15.0.28307.136
MinimumVisualStudioVersion = 10.0.40219.1
Project("{FAE04EC0-301F-11D3-BF4B-00C04F79EFBC}") = "e-bibliotheque", "e-bibliotheque\e-bibliotheque.csproj", "{4A408860-47F0-4FB1-8497-1BEE91C3D5F8}"
EndProject
Project("{FAE04EC0-301F-11D3-BF4B-00C04F79EFBC}") = "e-bibliotheque.Tests", "e-bibliotheque.Tests\e-bibliotheque.Tests.csproj", "{72621C1F-16B4-42A7-ACE5-CE15871FA6EA}"
EndProject
Global
	GlobalSection(SolutionConfigurationPlatforms) = preSolution
		Debug|Any CPU = Debug|Any CPU
		Release|Any CPU = Release|Any CPU
	EndGlobalSection
	GlobalSection(ProjectConfigurationPlatforms) = postSolution
		{4A408860-47F0-4FB1-8497-1BEE91C3D5F8}.Debug|Any CPU.ActiveCfg = Debug|Any CPU
		{4A408860-47F0-4FB1-8497-1BEE91C3D5F8}.Debug|Any CPU.Build.0 = Debug|Any CPU
		{4A408860-47F0-4FB1-8497-1BEE91C3D5F8}.Release|Any CPU.ActiveCfg = Release|Any CPU
		{4A408860-47F0-4FB1-8497-1BEE91C3D5F8}.Release|Any CPU.Build.0 = Release|Any CPU
		{72621C1F-16B4-42A7-ACE5-CE15871FA6EA}.Debug|Any CPU.ActiveCfg = Debug|Any CPU
		{72621C1F-16B4-42A7-ACE5-CE15871FA6EA}.Debug|Any CPU.Build.0 = Debug|Any CPU
		{72621C1F-16B4-42A7-ACE5-CE15871FA6EA}.Release|Any CPU.ActiveCfg = Release|Any CPU
		{72621C1F-16B4-42A7-ACE5-CE15871FA6EA}.Release|Any CPU.Build.0 = Release|Any CPU
	EndGlobalSection
	GlobalSection(SolutionProperties) = preSolution
		HideSolutionNode = FALSE
	EndGlobalSection
	GlobalSection(ExtensibilityGlobals) = postSolution
		SolutionGuid = {3473BA2D-B530-4E01-8013-935201709D3D}
	EndGlobalSection
EndGlobal
